
Microsoft Visual Studio Solution File, Format Version 12.00
# Visual Studio Version 17
VisualStudioVersion = 17.14.36811.4 d17.14
MinimumVisualStudioVersion = 10.0.40219.1
Project("{FAE04EC0-301F-11D3-BF4B-00C04F79EFBC}") = "botao", "botao\botao.csproj", "{F147C464-C2AF-4AB3-AAF8-176EDE42E881}"
EndProject
Global
	GlobalSection(SolutionConfigurationPlatforms) = preSolution
		Debug|Any CPU = Debug|Any CPU
		Release|Any CPU = Release|Any CPU
	EndGlobalSection
	GlobalSection(ProjectConfigurationPlatforms) = postSolution
		{F147C464-C2AF-4AB3-AAF8-176EDE42E881}.Debug|Any CPU.ActiveCfg = Debug|Any CPU
		{F147C464-C2AF-4AB3-AAF8-176EDE42E881}.Debug|Any CPU.Build.0 = Debug|Any CPU
		{F147C464-C2AF-4AB3-AAF8-176EDE42E881}.Release|Any CPU.ActiveCfg = Release|Any CPU
		{F147C464-C2AF-4AB3-AAF8-176EDE42E881}.Release|Any CPU.Build.0 = Release|Any CPU
	EndGlobalSection
	GlobalSection(SolutionProperties) = preSolution
		HideSolutionNode = FALSE
	EndGlobalSection
	GlobalSection(ExtensibilityGlobals) = postSolution
		SolutionGuid = {59BCD5F0-ED74-405F-AA7A-56C771AC0C79}
	EndGlobalSection
EndGlobal
